# @generated - this file is auto-generated by `mise lock` https://mise.en.dev/dev-tools/mise-lock.html

[[tools."aqua:ajeetdsouza/zoxide"]]
version = "0.9.9"
backend = "aqua:ajeetdsouza/zoxide"

[tools."aqua:ajeetdsouza/zoxide"."platforms.macos-arm64"]
checksum = "sha256:57e733d0436309dae2ed97e46bba43937209395298e1d88812d4e893900cb40a"
url = "https://github.com/ajeetdsouza/zoxide/releases/download/v0.9.9/zoxide-0.9.9-aarch64-apple-darwin.tar.gz"

[[tools."aqua:aws/aws-cli"]]
version = "2.34.18"
backend = "aqua:aws/aws-cli"

[tools."aqua:aws/aws-cli"."platforms.linux-arm64"]
url = "https://awscli.amazonaws.com/awscli-exe-linux-aarch64-2.34.18.zip"

[tools."aqua:aws/aws-cli"."platforms.linux-arm64-musl"]
url = "https://awscli.amazonaws.com/awscli-exe-linux-aarch64-2.34.18.zip"

[tools."aqua:aws/aws-cli"."platforms.linux-x64"]
url = "https://awscli.amazonaws.com/awscli-exe-linux-x86_64-2.34.18.zip"

[tools."aqua:aws/aws-cli"."platforms.linux-x64-musl"]
url = "https://awscli.amazonaws.com/awscli-exe-linux-x86_64-2.34.18.zip"

[tools."aqua:aws/aws-cli"."platforms.macos-arm64"]
url = "https://awscli.amazonaws.com/AWSCLIV2-2.34.18.pkg"

[tools."aqua:aws/aws-cli"."platforms.macos-x64"]
url = "https://awscli.amazonaws.com/AWSCLIV2-2.34.18.pkg"

[[tools."aqua:charmbracelet/crush"]]
version = "0.73.0"
backend = "aqua:charmbracelet/crush"

[tools."aqua:charmbracelet/crush"."platforms.macos-arm64"]
checksum = "sha256:e8a0aa570c5bbe8f31b444079b558dcba63d2d90fc0d4201f1248b2a84169017"
url = "https://github.com/charmbracelet/crush/releases/download/v0.73.0/crush_0.73.0_Darwin_arm64.tar.gz"
provenance = "cosign"

[[tools."aqua:chmln/sd"]]
version = "1.1.0"
backend = "aqua:chmln/sd"

[tools."aqua:chmln/sd"."platforms.macos-arm64"]
checksum = "sha256:4bd3c09226376ca0a1d69589c91e86276fae36c5fbaaee669afce583f6682030"
url = "https://github.com/chmln/sd/releases/download/v1.1.0/sd-v1.1.0-aarch64-apple-darwin.tar.gz"

[[tools."aqua:dandavison/delta"]]
version = "0.19.2"
backend = "aqua:dandavison/delta"

[tools."aqua:dandavison/delta"."platforms.macos-arm64"]
checksum = "sha256:9be36612a5a13e9e386dc498fb8e50dc87c72ee42b63db0ea05b32f99a72a69a"
url = "https://github.com/dandavison/delta/releases/download/0.19.2/delta-0.19.2-aarch64-apple-darwin.tar.gz"

[[tools."aqua:dprint/dprint"]]
version = "0.54.0"
backend = "aqua:dprint/dprint"

[tools."aqua:dprint/dprint"."platforms.macos-arm64"]
checksum = "sha256:1d6a8fb14d66cba0f049738edd4ab3b1afc1de6d936cd32e483e33284cfd1ade"
url = "https://github.com/dprint/dprint/releases/download/0.54.0/dprint-aarch64-apple-darwin.zip"

[[tools."aqua:golangci/golangci-lint"]]
version = "2.12.2"
backend = "aqua:golangci/golangci-lint"

[tools."aqua:golangci/golangci-lint"."platforms.linux-arm64"]
provenance = "github-attestations"

[tools."aqua:golangci/golangci-lint"."platforms.linux-arm64-musl"]
provenance = "github-attestations"

[tools."aqua:golangci/golangci-lint"."platforms.linux-x64"]
provenance = "github-attestations"

[tools."aqua:golangci/golangci-lint"."platforms.linux-x64-musl"]
provenance = "github-attestations"

[tools."aqua:golangci/golangci-lint"."platforms.macos-arm64"]
checksum = "sha256:a9c54498731b3128f79e090be6110f3e5fffccc617b08142ed244d4126c73f29"
url = "https://github.com/golangci/golangci-lint/releases/download/v2.12.2/golangci-lint-2.12.2-darwin-arm64.tar.gz"
provenance = "github-attestations"

[tools."aqua:golangci/golangci-lint"."platforms.macos-x64"]
provenance = "github-attestations"

[tools."aqua:golangci/golangci-lint"."platforms.windows-x64"]
provenance = "github-attestations"

[[tools."aqua:hashicorp/terraform"]]
version = "1.14.8"
backend = "aqua:hashicorp/terraform"

[tools."aqua:hashicorp/terraform"."platforms.linux-arm64"]
checksum = "sha256:c953171cde6b25ca0448c3b29a90d2f46c0310121e18742ec8f89631768e770c"
url = "https://releases.hashicorp.com/terraform/1.14.8/terraform_1.14.8_linux_arm64.zip"

[tools."aqua:hashicorp/terraform"."platforms.linux-arm64-musl"]
checksum = "sha256:c953171cde6b25ca0448c3b29a90d2f46c0310121e18742ec8f89631768e770c"
url = "https://releases.hashicorp.com/terraform/1.14.8/terraform_1.14.8_linux_arm64.zip"

[tools."aqua:hashicorp/terraform"."platforms.linux-x64"]
checksum = "sha256:56a5d12f47cbc1c6bedb8f5426ae7d5df984d1929572c24b56f4c82e9f9bf709"
url = "https://releases.hashicorp.com/terraform/1.14.8/terraform_1.14.8_linux_amd64.zip"

[tools."aqua:hashicorp/terraform"."platforms.linux-x64-musl"]
checksum = "sha256:56a5d12f47cbc1c6bedb8f5426ae7d5df984d1929572c24b56f4c82e9f9bf709"
url = "https://releases.hashicorp.com/terraform/1.14.8/terraform_1.14.8_linux_amd64.zip"

[tools."aqua:hashicorp/terraform"."platforms.macos-arm64"]
checksum = "sha256:5593670a2d42323847bfb216db17c73a44df201a62f7587928bae16adeabba23"
url = "https://releases.hashicorp.com/terraform/1.14.8/terraform_1.14.8_darwin_arm64.zip"

[tools."aqua:hashicorp/terraform"."platforms.macos-x64"]
checksum = "sha256:26dd7593d22e9d99ec09380f0869718f649be7b7f954d888611335e6a84961f8"
url = "https://releases.hashicorp.com/terraform/1.14.8/terraform_1.14.8_darwin_amd64.zip"

[tools."aqua:hashicorp/terraform"."platforms.windows-x64"]
checksum = "sha256:a237008008019589c600ecb0ae0842c9ea4ca5601f7c54ddbc64d274037b0abb"
url = "https://releases.hashicorp.com/terraform/1.14.8/terraform_1.14.8_windows_amd64.zip"

[[tools."aqua:j178/prek"]]
version = "0.4.3"
backend = "aqua:j178/prek"

[tools."aqua:j178/prek"."platforms.macos-arm64"]
checksum = "sha256:80e10ab3961940ef4d5b0cde03ed670f8176dd60729a03e6a7d92ae00700e072"
url = "https://github.com/j178/prek/releases/download/v0.4.3/prek-aarch64-apple-darwin.tar.gz"
provenance = "github-attestations"

[[tools."aqua:jqlang/jq"]]
version = "1.8.1"
backend = "aqua:jqlang/jq"

[tools."aqua:jqlang/jq"."platforms.linux-arm64"]
checksum = "sha256:6bc62f25981328edd3cfcfe6fe51b073f2d7e7710d7ef7fcdac28d4e384fc3d4"
url = "https://github.com/jqlang/jq/releases/download/jq-1.8.1/jq-linux-arm64"
provenance = "github-attestations"

[tools."aqua:jqlang/jq"."platforms.linux-arm64-musl"]
checksum = "sha256:6bc62f25981328edd3cfcfe6fe51b073f2d7e7710d7ef7fcdac28d4e384fc3d4"
url = "https://github.com/jqlang/jq/releases/download/jq-1.8.1/jq-linux-arm64"
provenance = "github-attestations"

[tools."aqua:jqlang/jq"."platforms.linux-x64"]
checksum = "sha256:020468de7539ce70ef1bceaf7cde2e8c4f2ca6c3afb84642aabc5c97d9fc2a0d"
url = "https://github.com/jqlang/jq/releases/download/jq-1.8.1/jq-linux-amd64"
provenance = "github-attestations"

[tools."aqua:jqlang/jq"."platforms.linux-x64-musl"]
checksum = "sha256:020468de7539ce70ef1bceaf7cde2e8c4f2ca6c3afb84642aabc5c97d9fc2a0d"
url = "https://github.com/jqlang/jq/releases/download/jq-1.8.1/jq-linux-amd64"
provenance = "github-attestations"

[tools."aqua:jqlang/jq"."platforms.macos-arm64"]
checksum = "sha256:a9fe3ea2f86dfc72f6728417521ec9067b343277152b114f4e98d8cb0e263603"
url = "https://github.com/jqlang/jq/releases/download/jq-1.8.1/jq-macos-arm64"
provenance = "github-attestations"

[tools."aqua:jqlang/jq"."platforms.macos-x64"]
checksum = "sha256:e80dbe0d2a2597e3c11c404f03337b981d74b4a8504b70586c354b7697a7c27f"
url = "https://github.com/jqlang/jq/releases/download/jq-1.8.1/jq-macos-amd64"
provenance = "github-attestations"

[tools."aqua:jqlang/jq"."platforms.windows-x64"]
checksum = "sha256:23cb60a1354eed6bcc8d9b9735e8c7b388cd1fdcb75726b93bc299ef22dd9334"
url = "https://github.com/jqlang/jq/releases/download/jq-1.8.1/jq-windows-amd64.exe"
provenance = "github-attestations"

[[tools."aqua:mikefarah/yq"]]
version = "4.52.5"
backend = "aqua:mikefarah/yq"

[tools."aqua:mikefarah/yq"."platforms.macos-arm64"]
checksum = "sha256:45a12e64d4bd8a31c72ee1b889e81f1b1110e801baad3d6f030c111db0068de0"
url = "https://github.com/mikefarah/yq/releases/download/v4.52.5/yq_darwin_arm64"

[[tools."aqua:openai/codex"]]
version = "0.134.0"
backend = "aqua:openai/codex"

[tools."aqua:openai/codex"."platforms.macos-arm64"]
checksum = "sha256:2234ee207848a8770dffeba4b7aaae2718fed78741e700e5db57935f0f02231f"
url = "https://github.com/openai/codex/releases/download/rust-v0.134.0/codex-aarch64-apple-darwin.zst"

[[tools."aqua:sharkdp/bat"]]
version = "0.26.1"
backend = "aqua:sharkdp/bat"

[tools."aqua:sharkdp/bat"."platforms.macos-arm64"]
checksum = "sha256:e30beff26779c9bf60bb541e1d79046250cb74378f2757f8eb250afddb19e114"
url = "https://github.com/sharkdp/bat/releases/download/v0.26.1/bat-v0.26.1-aarch64-apple-darwin.tar.gz"

[[tools."aqua:sharkdp/fd"]]
version = "10.4.2"
backend = "aqua:sharkdp/fd"

[tools."aqua:sharkdp/fd"."platforms.macos-arm64"]
checksum = "sha256:623dc0afc81b92e4d4606b380d7bc91916ba7b97814263e554d50923a39e480a"
url = "https://github.com/sharkdp/fd/releases/download/v10.4.2/fd-v10.4.2-aarch64-apple-darwin.tar.gz"

[[tools."aqua:terrastruct/d2"]]
version = "0.7.1"
backend = "aqua:terrastruct/d2"

[tools."aqua:terrastruct/d2"."platforms.macos-arm64"]
checksum = "sha256:80de85f3b0ac7d9569acac0780ed65dd994ea78969b6b230c58bbb2c6113465b"
url = "https://github.com/terrastruct/d2/releases/download/v0.7.1/d2-v0.7.1-macos-arm64.tar.gz"

[[tools."aqua:typst/typst"]]
version = "0.14.2"
backend = "aqua:typst/typst"

[tools."aqua:typst/typst"."platforms.macos-arm64"]
checksum = "sha256:470aa49a2298d20b65c119a10e4ff8808550453e0cb4d85625b89caf0cedf048"
url = "https://github.com/typst/typst/releases/download/v0.14.2/typst-aarch64-apple-darwin.tar.xz"

[[tools.bun]]
version = "1.3.11"
backend = "core:bun"

[tools.bun."platforms.linux-arm64"]
checksum = "sha256:d13944da12a53ecc74bf6a720bd1d04c4555c038dfe422365356a7be47691fdf"
url = "https://github.com/oven-sh/bun/releases/download/bun-v1.3.11/bun-linux-aarch64.zip"

[tools.bun."platforms.linux-arm64-musl"]
checksum = "sha256:0f5bf5dc3f276053196274bb84f90a44e2fa40c9432bd6757e3247a8d9476a3d"
url = "https://github.com/oven-sh/bun/releases/download/bun-v1.3.11/bun-linux-aarch64-musl.zip"

[tools.bun."platforms.linux-x64"]
checksum = "sha256:8611ba935af886f05a6f38740a15160326c15e5d5d07adef966130b4493607ed"
url = "https://github.com/oven-sh/bun/releases/download/bun-v1.3.11/bun-linux-x64.zip"

[tools.bun."platforms.linux-x64-baseline"]
checksum = "sha256:abe346f63414547cdf6b35b7a649a490c728b93d006226156923918a84c0e59b"
url = "https://github.com/oven-sh/bun/releases/download/bun-v1.3.11/bun-linux-x64-baseline.zip"

[tools.bun."platforms.linux-x64-musl"]
checksum = "sha256:b0fce3bc4fab52f26a1e0d8886dc07fd0c0eb2a274cb343b59c83a2d5997b5b1"
url = "https://github.com/oven-sh/bun/releases/download/bun-v1.3.11/bun-linux-x64-musl.zip"

[tools.bun."platforms.linux-x64-musl-baseline"]
checksum = "sha256:2fa2b697f14ada86a28df771d3876ca7606d7453b2339454893b1937aa9c0c7e"
url = "https://github.com/oven-sh/bun/releases/download/bun-v1.3.11/bun-linux-x64-musl-baseline.zip"

[tools.bun."platforms.macos-arm64"]
checksum = "sha256:6f5a3467ed9caec4795bf78cd476507d9f870c7d57b86c945fcb338126772ffc"
url = "https://github.com/oven-sh/bun/releases/download/bun-v1.3.11/bun-darwin-aarch64.zip"

[tools.bun."platforms.macos-x64"]
checksum = "sha256:c4fe2b9247218b0295f24e895aaec8fee62e74452679a9026b67eacbd611a286"
url = "https://github.com/oven-sh/bun/releases/download/bun-v1.3.11/bun-darwin-x64.zip"

[tools.bun."platforms.macos-x64-baseline"]
checksum = "sha256:fb6739b08bf54550edaa7c824cd5b2dca45b6a06afef408443087a63105f6f8d"
url = "https://github.com/oven-sh/bun/releases/download/bun-v1.3.11/bun-darwin-x64-baseline.zip"

[tools.bun."platforms.windows-x64"]
checksum = "sha256:066f8694f8b7d8df592452746d18f01710d4053e93030922dbc6e8c34a8c4b9f"
url = "https://github.com/oven-sh/bun/releases/download/bun-v1.3.11/bun-windows-x64.zip"

[tools.bun."platforms.windows-x64-baseline"]
checksum = "sha256:9d0e0f923e9626f3bc6044fc32e0d3ab29039aea753f5678ef8801cf26f75288"
url = "https://github.com/oven-sh/bun/releases/download/bun-v1.3.11/bun-windows-x64-baseline.zip"

[[tools."cargo:eza"]]
version = "0.23.4"
backend = "cargo:eza"

[[tools."cargo:tokei"]]
version = "14.0.0"
backend = "cargo:tokei"

[[tools."github:RhysSullivan/executor"]]
version = "1.4.33"
backend = "github:RhysSullivan/executor"

[tools."github:RhysSullivan/executor"."platforms.macos-arm64"]
checksum = "sha256:96e692798838df4e95c65c2bc2fa1095dbf82cd324212408a2663bb28dfe8d92"
url = "https://github.com/RhysSullivan/executor/releases/download/v1.4.33/executor-darwin-arm64.zip"
url_api = "https://api.github.com/repos/RhysSullivan/executor/releases/assets/426452147"
github_attestations = "unavailable"

[[tools."github:abhinav/git-spice"]]
version = "0.24.2"
backend = "github:abhinav/git-spice"

[tools."github:abhinav/git-spice"."platforms.linux-arm64"]
checksum = "sha256:4f749186097ac151866e809dc6d6696aa8b1a27510c68a8c0fd04a4afe5e9650"
url = "https://github.com/abhinav/git-spice/releases/download/v0.24.2/git-spice.Linux-aarch64.tar.gz"
url_api = "https://api.github.com/repos/abhinav/git-spice/releases/assets/360392715"
github_attestations = "unavailable"

[tools."github:abhinav/git-spice"."platforms.linux-arm64-musl"]
checksum = "sha256:4f749186097ac151866e809dc6d6696aa8b1a27510c68a8c0fd04a4afe5e9650"
url = "https://github.com/abhinav/git-spice/releases/download/v0.24.2/git-spice.Linux-aarch64.tar.gz"
url_api = "https://api.github.com/repos/abhinav/git-spice/releases/assets/360392715"
github_attestations = "unavailable"

[tools."github:abhinav/git-spice"."platforms.linux-x64"]
checksum = "sha256:90e3e42a3c94c7f1528b2e74d36972797727d51e502ecc80cec7ad422b711eae"
url = "https://github.com/abhinav/git-spice/releases/download/v0.24.2/git-spice.Linux-x86_64.tar.gz"
url_api = "https://api.github.com/repos/abhinav/git-spice/releases/assets/360392713"
github_attestations = "unavailable"

[tools."github:abhinav/git-spice"."platforms.linux-x64-musl"]
checksum = "sha256:90e3e42a3c94c7f1528b2e74d36972797727d51e502ecc80cec7ad422b711eae"
url = "https://github.com/abhinav/git-spice/releases/download/v0.24.2/git-spice.Linux-x86_64.tar.gz"
url_api = "https://api.github.com/repos/abhinav/git-spice/releases/assets/360392713"
github_attestations = "unavailable"

[tools."github:abhinav/git-spice"."platforms.macos-arm64"]
checksum = "sha256:1057e0fe6acc41e6629b5994497f86842e8387c328d556d85f1efb915e38e8c2"
url = "https://github.com/abhinav/git-spice/releases/download/v0.24.2/git-spice.Darwin-arm64.tar.gz"
url_api = "https://api.github.com/repos/abhinav/git-spice/releases/assets/360392706"
github_attestations = "unavailable"

[tools."github:abhinav/git-spice"."platforms.macos-x64"]
checksum = "sha256:005c4843adb0aaf1cc7cd29c7a09de9a0bacfaa0a06250713b5b9695c6baa62b"
url = "https://github.com/abhinav/git-spice/releases/download/v0.24.2/git-spice.Darwin-x86_64.tar.gz"
url_api = "https://api.github.com/repos/abhinav/git-spice/releases/assets/360392702"
github_attestations = "unavailable"

[tools."github:abhinav/git-spice"."platforms.windows-x64"]
checksum = "sha256:e1d5eb1cf2055b902b58c88b7fcd2eb6a75e1440298b58c1373ae6e25da7b1ab"
url = "https://github.com/abhinav/git-spice/releases/download/v0.24.2/git-spice.Windows-x86_64.tar.gz"
url_api = "https://api.github.com/repos/abhinav/git-spice/releases/assets/360392726"
github_attestations = "unavailable"

[[tools."github:astral-sh/uv"]]
version = "0.11.2"
backend = "github:astral-sh/uv"

[tools."github:astral-sh/uv"."platforms.macos-arm64"]
checksum = "sha256:4beaa9550f93ef7f0fc02f7c28c9c48cd61fe30db00f5ac8947e0a425c3fb282"
url = "https://github.com/astral-sh/uv/releases/download/0.11.2/uv-aarch64-apple-darwin.tar.gz"
url_api = "https://api.github.com/repos/astral-sh/uv/releases/assets/382400065"
provenance = "github-attestations"

[[tools."github:charmbracelet/glow"]]
version = "2.1.1"
backend = "github:charmbracelet/glow"

[tools."github:charmbracelet/glow"."platforms.linux-arm64"]
checksum = "sha256:ab12a703cc6efd06caf24860344a2e8bc2518055fdd986f98eb761c47917ef3d"
url = "https://github.com/charmbracelet/glow/releases/download/v2.1.1/glow_2.1.1_Linux_arm64.tar.gz"
url_api = "https://api.github.com/repos/charmbracelet/glow/releases/assets/259458572"
github_attestations = "unavailable"

[tools."github:charmbracelet/glow"."platforms.linux-arm64-musl"]
checksum = "sha256:ab12a703cc6efd06caf24860344a2e8bc2518055fdd986f98eb761c47917ef3d"
url = "https://github.com/charmbracelet/glow/releases/download/v2.1.1/glow_2.1.1_Linux_arm64.tar.gz"
url_api = "https://api.github.com/repos/charmbracelet/glow/releases/assets/259458572"
github_attestations = "unavailable"

[tools."github:charmbracelet/glow"."platforms.linux-x64"]
checksum = "sha256:59106b08be69b2a0bda1178327bbb7accd584e7c113ba3d2f5ef6e48ff3ac27f"
url = "https://github.com/charmbracelet/glow/releases/download/v2.1.1/glow_2.1.1_Linux_x86_64.tar.gz"
url_api = "https://api.github.com/repos/charmbracelet/glow/releases/assets/259458575"
github_attestations = "unavailable"

[tools."github:charmbracelet/glow"."platforms.linux-x64-musl"]
checksum = "sha256:59106b08be69b2a0bda1178327bbb7accd584e7c113ba3d2f5ef6e48ff3ac27f"
url = "https://github.com/charmbracelet/glow/releases/download/v2.1.1/glow_2.1.1_Linux_x86_64.tar.gz"
url_api = "https://api.github.com/repos/charmbracelet/glow/releases/assets/259458575"
github_attestations = "unavailable"

[tools."github:charmbracelet/glow"."platforms.macos-arm64"]
checksum = "sha256:234a20a7d0cebc775cdc77ecd62d28da9479364a122b52d8bac9adf1312b860d"
url = "https://github.com/charmbracelet/glow/releases/download/v2.1.1/glow_2.1.1_Darwin_arm64.tar.gz"
url_api = "https://api.github.com/repos/charmbracelet/glow/releases/assets/259458588"
github_attestations = "unavailable"

[tools."github:charmbracelet/glow"."platforms.macos-x64"]
checksum = "sha256:91334ebc659b44193327a6e2d198aa4e6c2953b1e003be00c983870685e9161b"
url = "https://github.com/charmbracelet/glow/releases/download/v2.1.1/glow_2.1.1_Darwin_x86_64.tar.gz"
url_api = "https://api.github.com/repos/charmbracelet/glow/releases/assets/259458586"
github_attestations = "unavailable"

[tools."github:charmbracelet/glow"."platforms.windows-x64"]
checksum = "sha256:b552952daa03afdfffa80be3f79ba8aec43426f8e78c026eb8502c7e6b604ed0"
url = "https://github.com/charmbracelet/glow/releases/download/v2.1.1/glow_2.1.1_Windows_x86_64.zip"
url_api = "https://api.github.com/repos/charmbracelet/glow/releases/assets/259458579"
github_attestations = "unavailable"

[[tools."github:charmbracelet/gum"]]
version = "0.17.0"
backend = "github:charmbracelet/gum"

[tools."github:charmbracelet/gum"."platforms.linux-arm64"]
checksum = "sha256:b0b9ed95cbf7c8b7073f17b9591811f5c001e33c7cfd066ca83ce8a07c576f9c"
url = "https://github.com/charmbracelet/gum/releases/download/v0.17.0/gum_0.17.0_Linux_arm64.tar.gz"
url_api = "https://api.github.com/repos/charmbracelet/gum/releases/assets/290080957"
github_attestations = "unavailable"

[tools."github:charmbracelet/gum"."platforms.linux-arm64-musl"]
checksum = "sha256:b0b9ed95cbf7c8b7073f17b9591811f5c001e33c7cfd066ca83ce8a07c576f9c"
url = "https://github.com/charmbracelet/gum/releases/download/v0.17.0/gum_0.17.0_Linux_arm64.tar.gz"
url_api = "https://api.github.com/repos/charmbracelet/gum/releases/assets/290080957"
github_attestations = "unavailable"

[tools."github:charmbracelet/gum"."platforms.linux-x64"]
checksum = "sha256:69ee169bd6387331928864e94d47ed01ef649fbfe875baed1bbf27b5377a6fdb"
url = "https://github.com/charmbracelet/gum/releases/download/v0.17.0/gum_0.17.0_Linux_x86_64.tar.gz"
url_api = "https://api.github.com/repos/charmbracelet/gum/releases/assets/290080949"
github_attestations = "unavailable"

[tools."github:charmbracelet/gum"."platforms.linux-x64-musl"]
checksum = "sha256:69ee169bd6387331928864e94d47ed01ef649fbfe875baed1bbf27b5377a6fdb"
url = "https://github.com/charmbracelet/gum/releases/download/v0.17.0/gum_0.17.0_Linux_x86_64.tar.gz"
url_api = "https://api.github.com/repos/charmbracelet/gum/releases/assets/290080949"
github_attestations = "unavailable"

[tools."github:charmbracelet/gum"."platforms.macos-arm64"]
checksum = "sha256:e2a4b8596efa05821d8c58d0c1afbcd7ad1699ba69c689cc3ff23a4a99c8b237"
url = "https://github.com/charmbracelet/gum/releases/download/v0.17.0/gum_0.17.0_Darwin_arm64.tar.gz"
url_api = "https://api.github.com/repos/charmbracelet/gum/releases/assets/290080948"
github_attestations = "unavailable"

[tools."github:charmbracelet/gum"."platforms.macos-x64"]
checksum = "sha256:cd66576aeebe6cd19c771863c7e8d696e0e1d5387d1e7075666baa67c2052e53"
url = "https://github.com/charmbracelet/gum/releases/download/v0.17.0/gum_0.17.0_Darwin_x86_64.tar.gz"
url_api = "https://api.github.com/repos/charmbracelet/gum/releases/assets/290080970"
github_attestations = "unavailable"

[tools."github:charmbracelet/gum"."platforms.windows-x64"]
checksum = "sha256:b2be80531c6babc8d4e0e6ca95773d58118a2e1582ae006aace08dbc55503072"
url = "https://github.com/charmbracelet/gum/releases/download/v0.17.0/gum_0.17.0_Windows_x86_64.zip"
url_api = "https://api.github.com/repos/charmbracelet/gum/releases/assets/290080922"
github_attestations = "unavailable"

[[tools."github:cli/cli"]]
version = "2.88.1"
backend = "github:cli/cli"

[tools."github:cli/cli"."platforms.linux-arm64"]
checksum = "sha256:039ce25aab0cfa0ea5160e3db75ed44699bde4b20ff63ec5991f82201f1b33b8"
url = "https://github.com/cli/cli/releases/download/v2.88.1/gh_2.88.1_linux_arm64.tar.gz"
url_api = "https://api.github.com/repos/cli/cli/releases/assets/372317913"
provenance = "github-attestations"

[tools."github:cli/cli"."platforms.linux-arm64-musl"]
checksum = "sha256:039ce25aab0cfa0ea5160e3db75ed44699bde4b20ff63ec5991f82201f1b33b8"
url = "https://github.com/cli/cli/releases/download/v2.88.1/gh_2.88.1_linux_arm64.tar.gz"
url_api = "https://api.github.com/repos/cli/cli/releases/assets/372317913"
provenance = "github-attestations"

[tools."github:cli/cli"."platforms.linux-x64"]
checksum = "sha256:36352a993b97e9758793cdb87f9ba674bd6d88c914488e122be78a1962203803"
url = "https://github.com/cli/cli/releases/download/v2.88.1/gh_2.88.1_linux_amd64.tar.gz"
url_api = "https://api.github.com/repos/cli/cli/releases/assets/372317909"
provenance = "github-attestations"

[tools."github:cli/cli"."platforms.linux-x64-musl"]
checksum = "sha256:36352a993b97e9758793cdb87f9ba674bd6d88c914488e122be78a1962203803"
url = "https://github.com/cli/cli/releases/download/v2.88.1/gh_2.88.1_linux_amd64.tar.gz"
url_api = "https://api.github.com/repos/cli/cli/releases/assets/372317909"
provenance = "github-attestations"

[tools."github:cli/cli"."platforms.macos-arm64"]
checksum = "sha256:bdbeed4821d450ef0d14821d856c05b308ab449fbf60527f298d96fbf5d2447b"
url = "https://github.com/cli/cli/releases/download/v2.88.1/gh_2.88.1_macOS_arm64.zip"
url_api = "https://api.github.com/repos/cli/cli/releases/assets/372317935"
provenance = "github-attestations"

[tools."github:cli/cli"."platforms.macos-x64"]
checksum = "sha256:ff0fc4bdb9699f0c02e5bcdcbd09d0f8e4c4659aa5d30bcd39a3557ed7379b2e"
url = "https://github.com/cli/cli/releases/download/v2.88.1/gh_2.88.1_macOS_amd64.zip"
url_api = "https://api.github.com/repos/cli/cli/releases/assets/372317933"

[tools."github:cli/cli"."platforms.windows-x64"]
checksum = "sha256:8fdaac525d8919f9f8c265f99ffa26189e5f1fd3a35636adad4fd890a141a555"
url = "https://github.com/cli/cli/releases/download/v2.88.1/gh_2.88.1_windows_amd64.zip"
url_api = "https://api.github.com/repos/cli/cli/releases/assets/372317959"
provenance = "github-attestations"

[[tools."github:sigoden/projclean"]]
version = "0.9.0"
backend = "github:sigoden/projclean"

[tools."github:sigoden/projclean"."platforms.macos-arm64"]
checksum = "sha256:d21d939d8a82a0f955fb3502dfd7233c077740b9247eab7b3fb4a21c999465ef"
url = "https://github.com/sigoden/projclean/releases/download/v0.9.0/projclean-v0.9.0-aarch64-apple-darwin.tar.gz"
url_api = "https://api.github.com/repos/sigoden/projclean/releases/assets/414034562"
github_attestations = "unavailable"

[[tools."github:vercel-labs/agent-browser"]]
version = "0.27.0"
backend = "github:vercel-labs/agent-browser"

[tools."github:vercel-labs/agent-browser"."platforms.macos-arm64"]
checksum = "sha256:a703fd9b74836d2849cfd6deb279e5d8ddcb768aa7b3d9c00352166cb930757a"
url = "https://github.com/vercel-labs/agent-browser/releases/download/v0.27.0/agent-browser-darwin-arm64"
url_api = "https://api.github.com/repos/vercel-labs/agent-browser/releases/assets/414527082"
github_attestations = "unavailable"

[[tools."github:x-motemen/ghq"]]
version = "1.9.4"
backend = "github:x-motemen/ghq"

[tools."github:x-motemen/ghq"."platforms.linux-arm64"]
checksum = "sha256:9952724ef1369d9f3fc8cc566a7dedfc8770f56015d5f751e4d6d69a8aa0a07e"
url = "https://github.com/x-motemen/ghq/releases/download/v1.9.4/ghq_linux_arm64.zip"
url_api = "https://api.github.com/repos/x-motemen/ghq/releases/assets/357187915"
github_attestations = "unavailable"

[tools."github:x-motemen/ghq"."platforms.linux-arm64-musl"]
checksum = "sha256:9952724ef1369d9f3fc8cc566a7dedfc8770f56015d5f751e4d6d69a8aa0a07e"
url = "https://github.com/x-motemen/ghq/releases/download/v1.9.4/ghq_linux_arm64.zip"
url_api = "https://api.github.com/repos/x-motemen/ghq/releases/assets/357187915"
github_attestations = "unavailable"

[tools."github:x-motemen/ghq"."platforms.linux-x64"]
checksum = "sha256:33752b7c4fea9751c6d3fa092ea6fb33c3671cde641f20dd7f8328a3a9e240b3"
url = "https://github.com/x-motemen/ghq/releases/download/v1.9.4/ghq_linux_amd64.zip"
url_api = "https://api.github.com/repos/x-motemen/ghq/releases/assets/357187911"
github_attestations = "unavailable"

[tools."github:x-motemen/ghq"."platforms.linux-x64-musl"]
checksum = "sha256:33752b7c4fea9751c6d3fa092ea6fb33c3671cde641f20dd7f8328a3a9e240b3"
url = "https://github.com/x-motemen/ghq/releases/download/v1.9.4/ghq_linux_amd64.zip"
url_api = "https://api.github.com/repos/x-motemen/ghq/releases/assets/357187911"
github_attestations = "unavailable"

[tools."github:x-motemen/ghq"."platforms.macos-arm64"]
checksum = "sha256:4f778cacf48f41bf5ba7af8dd011d3af874f585b447a925c4b389ce724e0335c"
url = "https://github.com/x-motemen/ghq/releases/download/v1.9.4/ghq_darwin_arm64.zip"
url_api = "https://api.github.com/repos/x-motemen/ghq/releases/assets/357187905"
github_attestations = "unavailable"

[tools."github:x-motemen/ghq"."platforms.macos-x64"]
checksum = "sha256:8adeacc4f9db32bd362bbb6923cc330cff691faa85d60d084f8a9677f91d032a"
url = "https://github.com/x-motemen/ghq/releases/download/v1.9.4/ghq_darwin_amd64.zip"
url_api = "https://api.github.com/repos/x-motemen/ghq/releases/assets/357187907"
github_attestations = "unavailable"

[tools."github:x-motemen/ghq"."platforms.windows-x64"]
checksum = "sha256:4b7adbbfd2c3b74ef01739aad053aa4952cd5f1b0520450c2dcd2dccc502c58b"
url = "https://github.com/x-motemen/ghq/releases/download/v1.9.4/ghq_windows_amd64.zip"
url_api = "https://api.github.com/repos/x-motemen/ghq/releases/assets/357187917"
github_attestations = "unavailable"

[[tools.go]]
version = "1.26.3"
backend = "core:go"

[tools.go."platforms.linux-arm64"]
checksum = "sha256:9d89a3ea57d141c2b22d70083f2c8459ba3890f2d9e818e7e933b75614936565"
url = "https://dl.google.com/go/go1.26.3.linux-arm64.tar.gz"

[tools.go."platforms.linux-arm64-musl"]
checksum = "sha256:9d89a3ea57d141c2b22d70083f2c8459ba3890f2d9e818e7e933b75614936565"
url = "https://dl.google.com/go/go1.26.3.linux-arm64.tar.gz"

[tools.go."platforms.linux-x64"]
checksum = "sha256:2b2cfc7148493da5e73981bffbf3353af381d5f93e789c82c79aff64962eb556"
url = "https://dl.google.com/go/go1.26.3.linux-amd64.tar.gz"

[tools.go."platforms.linux-x64-musl"]
checksum = "sha256:2b2cfc7148493da5e73981bffbf3353af381d5f93e789c82c79aff64962eb556"
url = "https://dl.google.com/go/go1.26.3.linux-amd64.tar.gz"

[tools.go."platforms.macos-arm64"]
checksum = "sha256:875cf54a15311eee2c99b9dd67c68c4a49351d489ab622bf2cfd28c8f2078d3c"
url = "https://dl.google.com/go/go1.26.3.darwin-arm64.tar.gz"

[tools.go."platforms.macos-x64"]
checksum = "sha256:278d580b32e299fe4a9c990fcf2d02acfe538c7e551a6ee18f9c7164573d2c63"
url = "https://dl.google.com/go/go1.26.3.darwin-amd64.tar.gz"

[tools.go."platforms.windows-x64"]
checksum = "sha256:20d2ceafb4ed41b96b879010927b28bc92a5be57a7c1801ce365a9ca51d3224a"
url = "https://dl.google.com/go/go1.26.3.windows-amd64.zip"

[[tools."go:golang.org/x/vuln/cmd/govulncheck"]]
version = "1.3.0"
backend = "go:golang.org/x/vuln/cmd/govulncheck"

[[tools.node]]
version = "24.14.1"
backend = "core:node"

[tools.node."platforms.linux-arm64"]
checksum = "sha256:734ff04fa7f8ed2e8a78d40cacf5ac3fc4515dac2858757cbab313eb483ba8a2"
url = "https://nodejs.org/dist/v24.14.1/node-v24.14.1-linux-arm64.tar.gz"

[tools.node."platforms.linux-arm64-musl"]
checksum = "sha256:e3ada28bcce0f440d8692372004a3338e96ff0b5cf8399bb38ae30a8adecdf08"
url = "https://unofficial-builds.nodejs.org/download/release/v24.14.1/node-v24.14.1-linux-arm64-musl.tar.gz"

[tools.node."platforms.linux-x64"]
checksum = "sha256:ace9fa104992ed0829642629c46ca7bd7fd6e76278cb96c958c4b387d29658ea"
url = "https://nodejs.org/dist/v24.14.1/node-v24.14.1-linux-x64.tar.gz"

[tools.node."platforms.linux-x64-musl"]
checksum = "sha256:4cdc6bf5891d1f51903c663b2f7f6a636c24dd5940a62a1785ea3d911284b008"
url = "https://unofficial-builds.nodejs.org/download/release/v24.14.1/node-v24.14.1-linux-x64-musl.tar.gz"

[tools.node."platforms.macos-arm64"]
checksum = "sha256:25495ff85bd89e2d8a24d88566d7e2f827c6b0d3d872b2cebf75371f93fcb1fe"
url = "https://nodejs.org/dist/v24.14.1/node-v24.14.1-darwin-arm64.tar.gz"

[tools.node."platforms.macos-x64"]
checksum = "sha256:2526230ad7d922be82d4fdb1e7ee1e84303e133e3b4b0ec4c2897ab31de0253d"
url = "https://nodejs.org/dist/v24.14.1/node-v24.14.1-darwin-x64.tar.gz"

[tools.node."platforms.windows-x64"]
checksum = "sha256:6e50ce5498c0cebc20fd39ab3ff5df836ed2f8a31aa093cecad8497cff126d70"
url = "https://nodejs.org/dist/v24.14.1/node-v24.14.1-win-x64.zip"

[[tools."npm:hunkdiff"]]
version = "0.13.2"
backend = "npm:hunkdiff"

[[tools."npm:markit-ai"]]
version = "0.5.3"
backend = "npm:markit-ai"

[[tools."npm:wrangler"]]
version = "4.94.0"
backend = "npm:wrangler"

[[tools."pipx:parallel-web-tools"]]
version = "0.5.0"
backend = "pipx:parallel-web-tools"

[tools."pipx:parallel-web-tools".options]
extras = "cli"

[[tools.pnpm]]
version = "11.2.1"
backend = "aqua:pnpm/pnpm"

[tools.pnpm."platforms.linux-arm64"]
checksum = "sha256:ddd4bfafd253a69bd2dfaacd76a949503cbff1a4ef4beb3d9581ceb549fe6ed2"
url = "https://github.com/pnpm/pnpm/releases/download/v11.2.1/pnpm-linux-arm64.tar.gz"
provenance = "github-attestations"

[tools.pnpm."platforms.linux-arm64-musl"]
checksum = "sha256:dfc7460dc03c78a1c080808453c19e418b9f4694301f382ddc537fbf7d1c0257"
url = "https://github.com/pnpm/pnpm/releases/download/v11.2.1/pnpm-linux-arm64-musl.tar.gz"
provenance = "github-attestations"

[tools.pnpm."platforms.linux-x64"]
checksum = "sha256:f8c3f57c8b317c16f18a1c1c82e3413ee34f1cc1a20ca53e428093b65bd42d40"
url = "https://github.com/pnpm/pnpm/releases/download/v11.2.1/pnpm-linux-x64.tar.gz"
provenance = "github-attestations"

[tools.pnpm."platforms.linux-x64-baseline"]
checksum = "sha256:f8c3f57c8b317c16f18a1c1c82e3413ee34f1cc1a20ca53e428093b65bd42d40"
url = "https://github.com/pnpm/pnpm/releases/download/v11.2.1/pnpm-linux-x64.tar.gz"
provenance = "github-attestations"

[tools.pnpm."platforms.linux-x64-musl"]
checksum = "sha256:b62eabfbfd1797a1f196e1a71062ec1e1e046d0bcbc02c586aa8d34b7f39ee21"
url = "https://github.com/pnpm/pnpm/releases/download/v11.2.1/pnpm-linux-x64-musl.tar.gz"
provenance = "github-attestations"

[tools.pnpm."platforms.linux-x64-musl-baseline"]
checksum = "sha256:b62eabfbfd1797a1f196e1a71062ec1e1e046d0bcbc02c586aa8d34b7f39ee21"
url = "https://github.com/pnpm/pnpm/releases/download/v11.2.1/pnpm-linux-x64-musl.tar.gz"
provenance = "github-attestations"

[tools.pnpm."platforms.macos-arm64"]
checksum = "sha256:938066ba56e379d0555d2fe73c6499b970b0ce9e2b5736f250fa6f53c8b3162c"
url = "https://github.com/pnpm/pnpm/releases/download/v11.2.1/pnpm-darwin-arm64.tar.gz"
provenance = "github-attestations"

[tools.pnpm."platforms.windows-x64"]
checksum = "sha256:a7b6b7e51fe6585e2be9b61028fb3b81a5a43e6c420bc30b5ae47f00cf61087a"
url = "https://github.com/pnpm/pnpm/releases/download/v11.2.1/pnpm-win32-x64.zip"
provenance = "github-attestations"

[tools.pnpm."platforms.windows-x64-baseline"]
checksum = "sha256:a7b6b7e51fe6585e2be9b61028fb3b81a5a43e6c420bc30b5ae47f00cf61087a"
url = "https://github.com/pnpm/pnpm/releases/download/v11.2.1/pnpm-win32-x64.zip"
provenance = "github-attestations"

[[tools.python]]
version = "3.14.3"
backend = "core:python"

[tools.python."platforms.linux-arm64"]
checksum = "sha256:53700338695e402a1a1fe22be4a41fbdacc70e22bb308a48eca8ed67cb7992be"
url = "https://github.com/astral-sh/python-build-standalone/releases/download/20260324/cpython-3.14.3+20260324-aarch64-unknown-linux-gnu-install_only_stripped.tar.gz"
provenance = "github-attestations"

[tools.python."platforms.linux-arm64-musl"]
checksum = "sha256:7e7aac764cfaba6f412cf7417cc34c69e623cd40d39c78435946ca1a4bc52b14"
url = "https://github.com/astral-sh/python-build-standalone/releases/download/20260324/cpython-3.14.3+20260324-aarch64-unknown-linux-musl-install_only_stripped.tar.gz"
provenance = "github-attestations"

[tools.python."platforms.linux-x64"]
checksum = "sha256:d7a9f970914bb4c88756fe3bdcc186d4feb90e9500e54f1db47dae4dc9687e39"
url = "https://github.com/astral-sh/python-build-standalone/releases/download/20260324/cpython-3.14.3+20260324-x86_64-unknown-linux-gnu-install_only_stripped.tar.gz"
provenance = "github-attestations"

[tools.python."platforms.linux-x64-musl"]
checksum = "sha256:c977de62ccfe09a63014546ad1e5c95f157a11594be65df302a88cdcae96fbe7"
url = "https://github.com/astral-sh/python-build-standalone/releases/download/20260324/cpython-3.14.3+20260324-x86_64-unknown-linux-musl-install_only_stripped.tar.gz"
provenance = "github-attestations"

[tools.python."platforms.macos-arm64"]
checksum = "sha256:c43aecde4a663aebff99b9b83da0efec506479f1c3f98331442f33d2c43501f9"
url = "https://github.com/astral-sh/python-build-standalone/releases/download/20260324/cpython-3.14.3+20260324-aarch64-apple-darwin-install_only_stripped.tar.gz"
provenance = "github-attestations"

[tools.python."platforms.macos-x64"]
checksum = "sha256:9ab41dbc2f100a2a45d1833b9c11165f51051c558b5213eda9a9731d5948a0c0"
url = "https://github.com/astral-sh/python-build-standalone/releases/download/20260324/cpython-3.14.3+20260324-x86_64-apple-darwin-install_only_stripped.tar.gz"
provenance = "github-attestations"

[tools.python."platforms.windows-x64"]
checksum = "sha256:bbe19034b35b0267176a7442575ae7dc6343480fd4d35598cb7700173d431e09"
url = "https://github.com/astral-sh/python-build-standalone/releases/download/20260324/cpython-3.14.3+20260324-x86_64-pc-windows-msvc-install_only_stripped.tar.gz"
provenance = "github-attestations"

[[tools.rust]]
version = "1.94.1"
backend = "core:rust"
