# @generated - this file is auto-generated by `mise lock` https://mise.en.dev/dev-tools/mise-lock.html

[[tools."aqua:ajeetdsouza/zoxide"]]
version = "0.10.0"
backend = "aqua:ajeetdsouza/zoxide"

[tools."aqua:ajeetdsouza/zoxide"."platforms.macos-arm64"]
checksum = "sha256:b55ae6f2f5f23d0a6ccb3bd4eeb2af9c7e0a6556e5255c82100e40305129bbb0"
url = "https://github.com/ajeetdsouza/zoxide/releases/download/v0.10.0/zoxide-0.10.0-aarch64-apple-darwin.tar.gz"
url_api = "https://api.github.com/repos/ajeetdsouza/zoxide/releases/assets/466316174"

[[tools."aqua:aws/aws-cli"]]
version = "2.35.24"
backend = "aqua:aws/aws-cli"

[tools."aqua:aws/aws-cli"."platforms.macos-arm64"]
checksum = "blake3:b413167c78274265b87c6b439a8990d3781896acd03aef029a39b6c3338745af"
url = "https://awscli.amazonaws.com/AWSCLIV2-2.35.24.pkg"

[[tools."aqua:charmbracelet/crush"]]
version = "0.85.0"
backend = "aqua:charmbracelet/crush"

[tools."aqua:charmbracelet/crush"."platforms.macos-arm64"]
checksum = "sha256:91384d19fc7f446c2d4015605e946df3e833526bacaad299b22d5b72e77f0fdd"
url = "https://github.com/charmbracelet/crush/releases/download/v0.85.0/crush_0.85.0_Darwin_arm64.tar.gz"
url_api = "https://api.github.com/repos/charmbracelet/crush/releases/assets/478586430"
provenance = "cosign"

[[tools."aqua:chmln/sd"]]
version = "1.1.0"
backend = "aqua:chmln/sd"

[tools."aqua:chmln/sd"."platforms.macos-arm64"]
checksum = "sha256:4bd3c09226376ca0a1d69589c91e86276fae36c5fbaaee669afce583f6682030"
url = "https://github.com/chmln/sd/releases/download/v1.1.0/sd-v1.1.0-aarch64-apple-darwin.tar.gz"
url_api = "https://api.github.com/repos/chmln/sd/releases/assets/362325451"

[[tools."aqua:dandavison/delta"]]
version = "0.19.2"
backend = "aqua:dandavison/delta"

[tools."aqua:dandavison/delta"."platforms.macos-arm64"]
checksum = "sha256:9be36612a5a13e9e386dc498fb8e50dc87c72ee42b63db0ea05b32f99a72a69a"
url = "https://github.com/dandavison/delta/releases/download/0.19.2/delta-0.19.2-aarch64-apple-darwin.tar.gz"
url_api = "https://api.github.com/repos/dandavison/delta/releases/assets/383662310"

[[tools."aqua:dprint/dprint"]]
version = "0.55.2"
backend = "aqua:dprint/dprint"

[tools."aqua:dprint/dprint"."platforms.macos-arm64"]
checksum = "sha256:e9ba8ed7988f3350501a8cf8af92da616cdec8d9d5c831c069293c587311b49d"
url = "https://github.com/dprint/dprint/releases/download/0.55.2/dprint-aarch64-apple-darwin.zip"
url_api = "https://api.github.com/repos/dprint/dprint/releases/assets/477041350"

[[tools."aqua:golangci/golangci-lint"]]
version = "2.12.2"
backend = "aqua:golangci/golangci-lint"

[tools."aqua:golangci/golangci-lint"."platforms.linux-arm64"]
provenance = "github-attestations"

[tools."aqua:golangci/golangci-lint"."platforms.linux-arm64-musl"]
provenance = "github-attestations"

[tools."aqua:golangci/golangci-lint"."platforms.linux-x64"]
provenance = "github-attestations"

[tools."aqua:golangci/golangci-lint"."platforms.linux-x64-musl"]
provenance = "github-attestations"

[tools."aqua:golangci/golangci-lint"."platforms.macos-arm64"]
checksum = "sha256:a9c54498731b3128f79e090be6110f3e5fffccc617b08142ed244d4126c73f29"
url = "https://github.com/golangci/golangci-lint/releases/download/v2.12.2/golangci-lint-2.12.2-darwin-arm64.tar.gz"
url_api = "https://api.github.com/repos/golangci/golangci-lint/releases/assets/413470950"
provenance = "github-attestations"

[tools."aqua:golangci/golangci-lint"."platforms.macos-x64"]
provenance = "github-attestations"

[tools."aqua:golangci/golangci-lint"."platforms.windows-x64"]
provenance = "github-attestations"

[[tools."aqua:j178/prek"]]
version = "0.4.10"
backend = "aqua:j178/prek"

[tools."aqua:j178/prek"."platforms.macos-arm64"]
checksum = "sha256:b2be74cd80bc86f679d92ae368d154ce391e4ef9891dc54447976b92df7951f1"
url = "https://github.com/j178/prek/releases/download/v0.4.10/prek-aarch64-apple-darwin.tar.gz"
url_api = "https://api.github.com/repos/j178/prek/releases/assets/479037973"
provenance = "github-attestations"

[[tools."aqua:jqlang/jq"]]
version = "1.8.2"
backend = "aqua:jqlang/jq"

[tools."aqua:jqlang/jq"."platforms.macos-arm64"]
checksum = "sha256:2d75340ba57a4b4b4c8708a21c2dc8e958a48aaa8bba13b27f77f6e4c0eca07e"
url = "https://github.com/jqlang/jq/releases/download/jq-1.8.2/jq-macos-arm64"
url_api = "https://api.github.com/repos/jqlang/jq/releases/assets/453012783"
provenance = "github-attestations"

[[tools."aqua:junegunn/fzf"]]
version = "0.74.0"
backend = "aqua:junegunn/fzf"

[tools."aqua:junegunn/fzf"."platforms.macos-arm64"]
checksum = "sha256:da60e8980e4239a0fc5f1fcfe873f243dfda93a6a13b696b00e1dc8584a77a87"
url = "https://github.com/junegunn/fzf/releases/download/v0.74.0/fzf-0.74.0-darwin_arm64.tar.gz"
url_api = "https://api.github.com/repos/junegunn/fzf/releases/assets/468106617"

[[tools."aqua:koalaman/shellcheck"]]
version = "0.11.0"
backend = "aqua:koalaman/shellcheck"

[tools."aqua:koalaman/shellcheck"."platforms.macos-arm64"]
checksum = "sha256:56affdd8de5527894dca6dc3d7e0a99a873b0f004d7aabc30ae407d3f48b0a79"
url = "https://github.com/koalaman/shellcheck/releases/download/v0.11.0/shellcheck-v0.11.0.darwin.aarch64.tar.xz"
url_api = "https://api.github.com/repos/koalaman/shellcheck/releases/assets/279056932"

[[tools."aqua:mikefarah/yq"]]
version = "4.53.3"
backend = "aqua:mikefarah/yq"

[tools."aqua:mikefarah/yq"."platforms.macos-arm64"]
checksum = "sha256:877de31753a4dd2401aa048937aa9a7fc4d5f6ce858cf31508c5802954297213"
url = "https://github.com/mikefarah/yq/releases/download/v4.53.3/yq_darwin_arm64"
url_api = "https://api.github.com/repos/mikefarah/yq/releases/assets/440146762"
provenance = "cosign"

[[tools."aqua:sharkdp/bat"]]
version = "0.26.1"
backend = "aqua:sharkdp/bat"

[tools."aqua:sharkdp/bat"."platforms.macos-arm64"]
checksum = "sha256:e30beff26779c9bf60bb541e1d79046250cb74378f2757f8eb250afddb19e114"
url = "https://github.com/sharkdp/bat/releases/download/v0.26.1/bat-v0.26.1-aarch64-apple-darwin.tar.gz"
url_api = "https://api.github.com/repos/sharkdp/bat/releases/assets/323548442"

[[tools."aqua:sharkdp/fd"]]
version = "10.4.2"
backend = "aqua:sharkdp/fd"

[tools."aqua:sharkdp/fd"."platforms.macos-arm64"]
checksum = "sha256:623dc0afc81b92e4d4606b380d7bc91916ba7b97814263e554d50923a39e480a"
url = "https://github.com/sharkdp/fd/releases/download/v10.4.2/fd-v10.4.2-aarch64-apple-darwin.tar.gz"
url_api = "https://api.github.com/repos/sharkdp/fd/releases/assets/370661116"

[[tools."aqua:starship/starship"]]
version = "1.26.0"
backend = "aqua:starship/starship"

[tools."aqua:starship/starship"."platforms.macos-arm64"]
checksum = "sha256:c40b27b11f580411e068f2fa6c1be7830a387c0bc47a94d1d37f32b054c5361d"
url = "https://github.com/starship/starship/releases/download/v1.26.0/starship-aarch64-apple-darwin.tar.gz"
url_api = "https://api.github.com/repos/starship/starship/releases/assets/460374577"

[[tools."aqua:str4d/rage"]]
version = "0.12.0"
backend = "aqua:str4d/rage"

[tools."aqua:str4d/rage"."platforms.macos-arm64"]
checksum = "sha256:12475322e7c03ff5514cde5ce78e11a23ccd0beaef905d17401b643af29e3dd4"
url = "https://github.com/str4d/rage/releases/download/v0.12.0/rage-v0.12.0-arm64-darwin.tar.gz"
url_api = "https://api.github.com/repos/str4d/rage/releases/assets/474939476"

[[tools."aqua:terrastruct/d2"]]
version = "0.7.1"
backend = "aqua:terrastruct/d2"

[tools."aqua:terrastruct/d2"."platforms.macos-arm64"]
checksum = "sha256:80de85f3b0ac7d9569acac0780ed65dd994ea78969b6b230c58bbb2c6113465b"
url = "https://github.com/terrastruct/d2/releases/download/v0.7.1/d2-v0.7.1-macos-arm64.tar.gz"
url_api = "https://api.github.com/repos/terrastruct/d2/releases/assets/284023623"

[[tools."aqua:typst/typst"]]
version = "0.15.0"
backend = "aqua:typst/typst"

[tools."aqua:typst/typst"."platforms.macos-arm64"]
checksum = "sha256:fe53838737abf93a774495952a1a797b4686e9c4a21c2d99b9fdf77f46cc3572"
url = "https://github.com/typst/typst/releases/download/v0.15.0/typst-aarch64-apple-darwin.tar.xz"
url_api = "https://api.github.com/repos/typst/typst/releases/assets/448379808"

[[tools.bun]]
version = "1.3.14"
backend = "core:bun"

[tools.bun."platforms.macos-arm64"]
checksum = "sha256:d8b96221828ad6f97ac7ac0ab7e95872341af763001e8803e8267652c2652620"
url = "https://github.com/oven-sh/bun/releases/download/bun-v1.3.14/bun-darwin-aarch64.zip"

[[tools."cargo:eza"]]
version = "0.23.4"
backend = "cargo:eza"

[[tools."cargo:tokei"]]
version = "14.0.0"
backend = "cargo:tokei"

[[tools."github:RhysSullivan/executor"]]
version = "1.5.33"
backend = "github:RhysSullivan/executor"

[tools."github:RhysSullivan/executor"."platforms.macos-arm64"]
checksum = "sha256:3a84494c8df5498035c1e6574793ef779222c0c4d9d4b976c26e09d4869582b0"
url = "https://github.com/UsefulSoftwareCo/executor/releases/download/v1.5.33/executor-darwin-arm64.zip"
url_api = "https://api.github.com/repos/UsefulSoftwareCo/executor/releases/assets/474091506"

[[tools."github:abhinav/git-spice"]]
version = "0.31.0"
backend = "github:abhinav/git-spice"

[tools."github:abhinav/git-spice"."platforms.macos-arm64"]
checksum = "sha256:b28be2a01f7cb61d66bf65895783ba989d7ffab7424bada9be11657d82b98741"
url = "https://github.com/abhinav/git-spice/releases/download/v0.31.0/git-spice.Darwin-arm64.tar.gz"
url_api = "https://api.github.com/repos/abhinav/git-spice/releases/assets/474949884"

[[tools."github:astral-sh/uv"]]
version = "0.11.29"
backend = "github:astral-sh/uv"

[tools."github:astral-sh/uv"."platforms.macos-arm64"]
checksum = "sha256:61c04acc52a33ef0f331e494bdfbedcdb6c26c6970c022ed3699e5860f8930e3"
url = "https://github.com/astral-sh/uv/releases/download/0.11.29/uv-aarch64-apple-darwin.tar.gz"
url_api = "https://api.github.com/repos/astral-sh/uv/releases/assets/478261245"
provenance = "github-attestations"

[[tools."github:charmbracelet/glow"]]
version = "2.1.2"
backend = "github:charmbracelet/glow"

[tools."github:charmbracelet/glow"."platforms.macos-arm64"]
checksum = "sha256:6f7abfb47de69fbf7b0e67d2fa019cc554916e8b6694f9877212be89fc7ebb8c"
url = "https://github.com/charmbracelet/glow/releases/download/v2.1.2/glow_2.1.2_Darwin_arm64.tar.gz"
url_api = "https://api.github.com/repos/charmbracelet/glow/releases/assets/392672279"

[[tools."github:charmbracelet/gum"]]
version = "0.17.0"
backend = "github:charmbracelet/gum"

[tools."github:charmbracelet/gum"."platforms.linux-arm64"]
checksum = "sha256:b0b9ed95cbf7c8b7073f17b9591811f5c001e33c7cfd066ca83ce8a07c576f9c"
url = "https://github.com/charmbracelet/gum/releases/download/v0.17.0/gum_0.17.0_Linux_arm64.tar.gz"
url_api = "https://api.github.com/repos/charmbracelet/gum/releases/assets/290080957"

[tools."github:charmbracelet/gum"."platforms.linux-arm64-musl"]
checksum = "sha256:b0b9ed95cbf7c8b7073f17b9591811f5c001e33c7cfd066ca83ce8a07c576f9c"
url = "https://github.com/charmbracelet/gum/releases/download/v0.17.0/gum_0.17.0_Linux_arm64.tar.gz"
url_api = "https://api.github.com/repos/charmbracelet/gum/releases/assets/290080957"

[tools."github:charmbracelet/gum"."platforms.linux-x64"]
checksum = "sha256:69ee169bd6387331928864e94d47ed01ef649fbfe875baed1bbf27b5377a6fdb"
url = "https://github.com/charmbracelet/gum/releases/download/v0.17.0/gum_0.17.0_Linux_x86_64.tar.gz"
url_api = "https://api.github.com/repos/charmbracelet/gum/releases/assets/290080949"

[tools."github:charmbracelet/gum"."platforms.linux-x64-musl"]
checksum = "sha256:69ee169bd6387331928864e94d47ed01ef649fbfe875baed1bbf27b5377a6fdb"
url = "https://github.com/charmbracelet/gum/releases/download/v0.17.0/gum_0.17.0_Linux_x86_64.tar.gz"
url_api = "https://api.github.com/repos/charmbracelet/gum/releases/assets/290080949"

[tools."github:charmbracelet/gum"."platforms.macos-arm64"]
checksum = "sha256:e2a4b8596efa05821d8c58d0c1afbcd7ad1699ba69c689cc3ff23a4a99c8b237"
url = "https://github.com/charmbracelet/gum/releases/download/v0.17.0/gum_0.17.0_Darwin_arm64.tar.gz"
url_api = "https://api.github.com/repos/charmbracelet/gum/releases/assets/290080948"

[tools."github:charmbracelet/gum"."platforms.macos-x64"]
checksum = "sha256:cd66576aeebe6cd19c771863c7e8d696e0e1d5387d1e7075666baa67c2052e53"
url = "https://github.com/charmbracelet/gum/releases/download/v0.17.0/gum_0.17.0_Darwin_x86_64.tar.gz"
url_api = "https://api.github.com/repos/charmbracelet/gum/releases/assets/290080970"

[tools."github:charmbracelet/gum"."platforms.windows-x64"]
checksum = "sha256:b2be80531c6babc8d4e0e6ca95773d58118a2e1582ae006aace08dbc55503072"
url = "https://github.com/charmbracelet/gum/releases/download/v0.17.0/gum_0.17.0_Windows_x86_64.zip"
url_api = "https://api.github.com/repos/charmbracelet/gum/releases/assets/290080922"

[[tools."github:cli/cli"]]
version = "2.96.0"
backend = "github:cli/cli"

[tools."github:cli/cli"."platforms.macos-arm64"]
checksum = "sha256:f23a0c37d963aacc3bed703ccbd59b41c5ca22101fab7f00eb2b7cad23aba463"
url = "https://github.com/cli/cli/releases/download/v2.96.0/gh_2.96.0_macOS_arm64.zip"
url_api = "https://api.github.com/repos/cli/cli/releases/assets/464728562"
provenance = "github-attestations"

[[tools."github:libkrun/krunkit"]]
version = "1.3.2"
backend = "github:libkrun/krunkit"

[tools."github:libkrun/krunkit"."platforms.macos-arm64"]
checksum = "sha256:de9ab62dd90461cd1df1e37b78e780690d75490f4bab1674cbb4a1f75b90c227"
url = "https://github.com/libkrun/krunkit/releases/download/v1.3.2/krunkit-podman-unsigned-1.3.2.tgz"
url_api = "https://api.github.com/repos/libkrun/krunkit/releases/assets/465341860"

[[tools."github:sigoden/projclean"]]
version = "0.9.0"
backend = "github:sigoden/projclean"

[tools."github:sigoden/projclean"."platforms.macos-arm64"]
checksum = "sha256:d21d939d8a82a0f955fb3502dfd7233c077740b9247eab7b3fb4a21c999465ef"
url = "https://github.com/sigoden/projclean/releases/download/v0.9.0/projclean-v0.9.0-aarch64-apple-darwin.tar.gz"
url_api = "https://api.github.com/repos/sigoden/projclean/releases/assets/414034562"

[[tools."github:vercel-labs/agent-browser"]]
version = "0.32.0"
backend = "github:vercel-labs/agent-browser"

[tools."github:vercel-labs/agent-browser"."platforms.macos-arm64"]
checksum = "sha256:c107a3e870096cc70bc5442015d7efa219fa87fb95f1e9c04cd7dadcf4cd0db0"
url = "https://github.com/vercel-labs/agent-browser/releases/download/v0.32.0/agent-browser-darwin-arm64"
url_api = "https://api.github.com/repos/vercel-labs/agent-browser/releases/assets/478501136"

[[tools."github:x-motemen/ghq"]]
version = "1.10.1"
backend = "github:x-motemen/ghq"

[tools."github:x-motemen/ghq"."platforms.macos-arm64"]
checksum = "sha256:5e3100de0c5a248eebe6ab176ad94d6e12386af70a58c535368a4301861b1398"
url = "https://github.com/x-motemen/ghq/releases/download/v1.10.1/ghq_darwin_arm64.zip"
url_api = "https://api.github.com/repos/x-motemen/ghq/releases/assets/394135804"

[[tools.go]]
version = "1.26.5"
backend = "core:go"

[tools.go."platforms.macos-arm64"]
checksum = "sha256:efb87ff28af9a188d0536ef5d42e63dd52ba8263cd7344a993cc48dd11dedb6a"
url = "https://dl.google.com/go/go1.26.5.darwin-arm64.tar.gz"

[[tools."go:golang.org/x/vuln/cmd/govulncheck"]]
version = "1.6.0"
backend = "go:golang.org/x/vuln/cmd/govulncheck"

[[tools.node]]
version = "26.5.0"
backend = "core:node"

[tools.node."platforms.macos-arm64"]
checksum = "sha256:ee920559aaa2391569cff4d737e3b83963430e3a14dedd91bfe0ff53171b5af9"
url = "https://nodejs.org/dist/v26.5.0/node-v26.5.0-darwin-arm64.tar.gz"

[[tools."npm:@nozomioai/nia"]]
version = "0.5.2"
backend = "npm:@nozomioai/nia"

[[tools."npm:firecrawl-cli"]]
version = "1.19.26"
backend = "npm:firecrawl-cli"

[[tools."npm:markit-ai"]]
version = "0.5.3"
backend = "npm:markit-ai"

[[tools."npm:sfw"]]
version = "2.0.6"
backend = "npm:sfw"

[[tools."npm:wrangler"]]
version = "4.111.0"
backend = "npm:wrangler"

[[tools."pipx:parallel-web-tools"]]
version = "0.7.1"
backend = "pipx:parallel-web-tools"

[tools."pipx:parallel-web-tools".options]
extras = "cli"

[[tools.pnpm]]
version = "11.13.1"
backend = "aqua:pnpm/pnpm"

[tools.pnpm."platforms.macos-arm64"]
checksum = "sha256:765c2bf04e8129cb58c0f946e324262e418370b35a203b50b1f06a0567ef8bc1"
url = "https://github.com/pnpm/pnpm/releases/download/v11.13.1/pnpm-darwin-arm64.tar.gz"
url_api = "https://api.github.com/repos/pnpm/pnpm/releases/assets/478563984"
provenance = "github-attestations"

[[tools.python]]
version = "3.14.6"
backend = "core:python"

[tools.python."platforms.macos-arm64"]
checksum = "sha256:35d774f61d63c1fd4f1bc9495a7ada92e500dc4382a0df8a9910eb87ea48e8cf"
url = "https://github.com/astral-sh/python-build-standalone/releases/download/20260623/cpython-3.14.6+20260623-aarch64-apple-darwin-install_only_stripped.tar.gz"
provenance = "github-attestations"

[[tools.rust]]
version = "1.97.1"
backend = "core:rust"
