# @generated - this file is auto-generated by `mise lock` https://mise.en.dev/dev-tools/mise-lock.html

[[tools."aqua:ajeetdsouza/zoxide"]]
version = "0.10.0"
backend = "aqua:ajeetdsouza/zoxide"

[tools."aqua:ajeetdsouza/zoxide"."platforms.macos-arm64"]
checksum = "sha256:b55ae6f2f5f23d0a6ccb3bd4eeb2af9c7e0a6556e5255c82100e40305129bbb0"
url = "https://github.com/ajeetdsouza/zoxide/releases/download/v0.10.0/zoxide-0.10.0-aarch64-apple-darwin.tar.gz"
url_api = "https://api.github.com/repos/ajeetdsouza/zoxide/releases/assets/466316174"

[[tools."aqua:aws/aws-cli"]]
version = "2.37.5"
backend = "aqua:aws/aws-cli"

[tools."aqua:aws/aws-cli"."platforms.macos-arm64"]
url = "https://awscli.amazonaws.com/AWSCLIV2-2.37.5.pkg"

[[tools."aqua:charmbracelet/crush"]]
version = "0.96.1"
backend = "aqua:charmbracelet/crush"

[tools."aqua:charmbracelet/crush"."platforms.macos-arm64"]
checksum = "sha256:6302f9072ec0f502bae1c0a0454da80d23907ffb653c10ab3668b7e7515b0867"
url = "https://github.com/charmbracelet/crush/releases/download/v0.96.1/crush_0.96.1_Darwin_arm64.tar.gz"
url_api = "https://api.github.com/repos/charmbracelet/crush/releases/assets/579403036"
provenance = "cosign"

[[tools."aqua:chmln/sd"]]
version = "1.1.0"
backend = "aqua:chmln/sd"

[tools."aqua:chmln/sd"."platforms.macos-arm64"]
checksum = "sha256:4bd3c09226376ca0a1d69589c91e86276fae36c5fbaaee669afce583f6682030"
url = "https://github.com/chmln/sd/releases/download/v1.1.0/sd-v1.1.0-aarch64-apple-darwin.tar.gz"
url_api = "https://api.github.com/repos/chmln/sd/releases/assets/362325451"

[[tools."aqua:dandavison/delta"]]
version = "0.19.2"
backend = "aqua:dandavison/delta"

[tools."aqua:dandavison/delta"."platforms.macos-arm64"]
checksum = "sha256:9be36612a5a13e9e386dc498fb8e50dc87c72ee42b63db0ea05b32f99a72a69a"
url = "https://github.com/dandavison/delta/releases/download/0.19.2/delta-0.19.2-aarch64-apple-darwin.tar.gz"
url_api = "https://api.github.com/repos/dandavison/delta/releases/assets/383662310"

[[tools."aqua:dprint/dprint"]]
version = "0.57.4"
backend = "aqua:dprint/dprint"

[tools."aqua:dprint/dprint"."platforms.macos-arm64"]
checksum = "sha256:f9e752812791f258e89ff88a7affd05c793b0db3d929718651eae7df5f19eb2e"
url = "https://github.com/dprint/dprint/releases/download/0.57.4/dprint-aarch64-apple-darwin.zip"
url_api = "https://api.github.com/repos/dprint/dprint/releases/assets/546351171"

[[tools."aqua:golangci/golangci-lint"]]
version = "2.13.2"
backend = "aqua:golangci/golangci-lint"

[tools."aqua:golangci/golangci-lint"."platforms.macos-arm64"]
checksum = "sha256:f4bf83f0b64f055c42b28fc9a38861839f69c096e61c788e72dfaae412011789"
url = "https://github.com/golangci/golangci-lint/releases/download/v2.13.2/golangci-lint-2.13.2-darwin-arm64.tar.gz"
url_api = "https://api.github.com/repos/golangci/golangci-lint/releases/assets/532995398"
provenance = "github-attestations"

[[tools."aqua:j178/prek"]]
version = "0.5.3"
backend = "aqua:j178/prek"

[tools."aqua:j178/prek"."platforms.macos-arm64"]
checksum = "sha256:6006cc4e69cfc86d55f4e407ca60ba960a521befa54fece94038639b1f4de381"
url = "https://github.com/j178/prek/releases/download/v0.5.3/prek-aarch64-apple-darwin.tar.gz"
url_api = "https://api.github.com/repos/j178/prek/releases/assets/560889174"
provenance = "github-attestations"

[[tools."aqua:jqlang/jq"]]
version = "1.8.2"
backend = "aqua:jqlang/jq"

[tools."aqua:jqlang/jq"."platforms.macos-arm64"]
checksum = "sha256:2d75340ba57a4b4b4c8708a21c2dc8e958a48aaa8bba13b27f77f6e4c0eca07e"
url = "https://github.com/jqlang/jq/releases/download/jq-1.8.2/jq-macos-arm64"
url_api = "https://api.github.com/repos/jqlang/jq/releases/assets/453012783"
provenance = "github-attestations"

[[tools."aqua:junegunn/fzf"]]
version = "0.74.4"
backend = "aqua:junegunn/fzf"

[tools."aqua:junegunn/fzf"."platforms.macos-arm64"]
checksum = "sha256:4f6a113bfc0c7959e0005c78d566a51afc4fcefc956f43735c62a9deb19e92ae"
url = "https://github.com/junegunn/fzf/releases/download/v0.74.4/fzf-0.74.4-darwin_arm64.tar.gz"
url_api = "https://api.github.com/repos/junegunn/fzf/releases/assets/558287774"

[[tools."aqua:koalaman/shellcheck"]]
version = "0.11.0"
backend = "aqua:koalaman/shellcheck"

[tools."aqua:koalaman/shellcheck"."platforms.macos-arm64"]
checksum = "sha256:56affdd8de5527894dca6dc3d7e0a99a873b0f004d7aabc30ae407d3f48b0a79"
url = "https://github.com/koalaman/shellcheck/releases/download/v0.11.0/shellcheck-v0.11.0.darwin.aarch64.tar.xz"
url_api = "https://api.github.com/repos/koalaman/shellcheck/releases/assets/279056932"

[[tools."aqua:mikefarah/yq"]]
version = "4.53.6"
backend = "aqua:mikefarah/yq"

[tools."aqua:mikefarah/yq"."platforms.macos-arm64"]
checksum = "sha256:cceb0b8d71ea5294334121f8429f33f92b920e7217d904a2f9f35443968ac424"
url = "https://github.com/mikefarah/yq/releases/download/v4.53.6/yq_darwin_arm64"
url_api = "https://api.github.com/repos/mikefarah/yq/releases/assets/522028033"
provenance = "cosign"

[[tools."aqua:sharkdp/bat"]]
version = "0.26.1"
backend = "aqua:sharkdp/bat"

[tools."aqua:sharkdp/bat"."platforms.macos-arm64"]
checksum = "sha256:e30beff26779c9bf60bb541e1d79046250cb74378f2757f8eb250afddb19e114"
url = "https://github.com/sharkdp/bat/releases/download/v0.26.1/bat-v0.26.1-aarch64-apple-darwin.tar.gz"
url_api = "https://api.github.com/repos/sharkdp/bat/releases/assets/323548442"

[[tools."aqua:sharkdp/fd"]]
version = "10.5.0"
backend = "aqua:sharkdp/fd"

[tools."aqua:sharkdp/fd"."platforms.macos-arm64"]
checksum = "sha256:b67e1836c468e42e411984b56e52fa7abec08c2bd22c867398e7cc134aac5e12"
url = "https://github.com/sharkdp/fd/releases/download/v10.5.0/fd-v10.5.0-aarch64-apple-darwin.tar.gz"
url_api = "https://api.github.com/repos/sharkdp/fd/releases/assets/530481346"

[[tools."aqua:starship/starship"]]
version = "1.26.0"
backend = "aqua:starship/starship"

[tools."aqua:starship/starship"."platforms.macos-arm64"]
checksum = "sha256:c40b27b11f580411e068f2fa6c1be7830a387c0bc47a94d1d37f32b054c5361d"
url = "https://github.com/starship/starship/releases/download/v1.26.0/starship-aarch64-apple-darwin.tar.gz"
url_api = "https://api.github.com/repos/starship/starship/releases/assets/460374577"

[[tools."aqua:terrastruct/d2"]]
version = "0.8.2"
backend = "aqua:terrastruct/d2"

[tools."aqua:terrastruct/d2"."platforms.macos-arm64"]
checksum = "sha256:73ddb07c636bd5c5723e4bf8569a90b7329ea35dc32af2155650e1f572e823b2"
url = "https://github.com/d2lang/d2/releases/download/v0.8.2/d2-v0.8.2-macos-arm64.tar.gz"
url_api = "https://api.github.com/repos/d2lang/d2/releases/assets/527960107"

[[tools."aqua:typst/typst"]]
version = "0.15.1"
backend = "aqua:typst/typst"

[tools."aqua:typst/typst"."platforms.macos-arm64"]
checksum = "sha256:48f62ed034aa3a7978309579ac6ca00045e2ef0da73114e8af27cfd8e74dc05a"
url = "https://github.com/typst/typst/releases/download/v0.15.1/typst-aarch64-apple-darwin.tar.xz"
url_api = "https://api.github.com/repos/typst/typst/releases/assets/480299147"

[[tools.bun]]
version = "1.4.2"
backend = "core:bun"

[tools.bun."platforms.macos-arm64"]
checksum = "sha256:90987a3a16d7db556d886ac3d551e7b6d3edf0a1cf43acaed622e8676be1d12f"
url = "https://github.com/oven-sh/bun/releases/download/bun-v1.4.2/bun-darwin-aarch64.zip"

[[tools."cargo:eza"]]
version = "0.23.5"
backend = "cargo:eza"

[[tools."cargo:tokei"]]
version = "15.0.0"
backend = "cargo:tokei"

[[tools."github:RhysSullivan/executor"]]
version = "1.6.7"
backend = "github:RhysSullivan/executor"

[tools."github:RhysSullivan/executor"."platforms.macos-arm64"]
checksum = "sha256:b4185886c58ccc8bd9b5fefb88b6f7a07f06fb2052c5a4eda88f4f6b405dbd8d"
url = "https://github.com/UsefulSoftwareCo/executor/releases/download/v1.6.7/executor-darwin-arm64.zip"
url_api = "https://api.github.com/repos/UsefulSoftwareCo/executor/releases/assets/536216472"

[[tools."github:abhinav/git-spice"]]
version = "0.31.2"
backend = "github:abhinav/git-spice"

[tools."github:abhinav/git-spice"."platforms.macos-arm64"]
checksum = "sha256:a2c362d19a818ed1745e7308a40e7eedc57e462eba839fae752e287dbd4057c7"
url = "https://github.com/abhinav/git-spice/releases/download/v0.31.2/git-spice.Darwin-arm64.tar.gz"
url_api = "https://api.github.com/repos/abhinav/git-spice/releases/assets/484895560"

[[tools."github:astral-sh/uv"]]
version = "0.12.9"
backend = "github:astral-sh/uv"

[tools."github:astral-sh/uv"."platforms.macos-arm64"]
checksum = "sha256:301f72afaf54060f92da7016cb0115bd077f43a9c8e39c1d8170a0bac80fd398"
url = "https://github.com/astral-sh/uv/releases/download/0.12.9/uv-aarch64-apple-darwin.tar.gz"
url_api = "https://api.github.com/repos/astral-sh/uv/releases/assets/540200930"
provenance = "github-attestations"

[[tools."github:charmbracelet/glow"]]
version = "3.0.0"
backend = "github:charmbracelet/glow"

[tools."github:charmbracelet/glow"."platforms.macos-arm64"]
checksum = "sha256:4b8a9a32412c0525e4c239e65171706fc5beb6d423608d99fe16788d47b345d3"
url = "https://github.com/charmbracelet/glow/releases/download/v3.0.0/glow_3.0.0_Darwin_arm64.tar.gz"
url_api = "https://api.github.com/repos/charmbracelet/glow/releases/assets/510466964"

[[tools."github:charmbracelet/gum"]]
version = "2.0.0"
backend = "github:charmbracelet/gum"

[tools."github:charmbracelet/gum"."platforms.macos-arm64"]
checksum = "sha256:20224bcddeda5b9146373862ca77be7b1592c46c271435e00a2d3ab3f7750bb0"
url = "https://github.com/charmbracelet/gum/releases/download/v2.0.0/gum_2.0.0_Darwin_arm64.tar.gz"
url_api = "https://api.github.com/repos/charmbracelet/gum/releases/assets/521957955"

[[tools."github:cli/cli"]]
version = "2.100.0"
backend = "github:cli/cli"

[tools."github:cli/cli"."platforms.macos-arm64"]
checksum = "sha256:45f9a62da2f6e641a7fad57e2ce39656dfd7ef331372d80a2a2aed65abb01642"
url = "https://github.com/cli/cli/releases/download/v2.100.0/gh_2.100.0_macOS_arm64.zip"
url_api = "https://api.github.com/repos/cli/cli/releases/assets/542974295"
provenance = "github-attestations"

[[tools."github:eliasstravik/herdr-projects"]]
version = "0.2.34"
backend = "github:eliasstravik/herdr-projects"

[tools."github:eliasstravik/herdr-projects".options]
asset_pattern = "herdr-projects-aarch64-apple-darwin"

[tools."github:eliasstravik/herdr-projects"."platforms.macos-arm64"]
checksum = "sha256:f4bb8cd7bcfe90ae3f269790ebadce2925589f4bac3bcaf507a1500281ba79b5"
url = "https://github.com/eliasstravik/herdr-projects/releases/download/v0.2.34/herdr-projects-aarch64-apple-darwin"
url_api = "https://api.github.com/repos/eliasstravik/herdr-projects/releases/assets/596422377"

[[tools."github:herdrdev/herdr"]]
version = "0.9.3"
backend = "github:herdrdev/herdr"

[tools."github:herdrdev/herdr"."platforms.macos-arm64"]
checksum = "sha256:5173a3e0ae42d5d1ab7ebfa5d5e6329f7c3d23f8e1a3677c7ce3231da2884157"
url = "https://github.com/herdrdev/herdr/releases/download/v0.9.3/herdr-macos-aarch64"
url_api = "https://api.github.com/repos/herdrdev/herdr/releases/assets/599036381"
provenance = "github-attestations"

[[tools."github:libkrun/krunkit"]]
version = "1.3.2"
backend = "github:libkrun/krunkit"

[tools."github:libkrun/krunkit"."platforms.macos-arm64"]
checksum = "sha256:de9ab62dd90461cd1df1e37b78e780690d75490f4bab1674cbb4a1f75b90c227"
url = "https://github.com/libkrun/krunkit/releases/download/v1.3.2/krunkit-podman-unsigned-1.3.2.tgz"
url_api = "https://api.github.com/repos/libkrun/krunkit/releases/assets/465341860"

[[tools."github:persiyanov/herdr-reviewr"]]
version = "0.39.0"
backend = "github:persiyanov/herdr-reviewr"

[tools."github:persiyanov/herdr-reviewr".options]
asset_pattern = "herdr-reviewr-aarch64-apple-darwin.tar.gz"

[tools."github:persiyanov/herdr-reviewr"."platforms.macos-arm64"]
checksum = "sha256:965f36e59c4253e0daa87aaeb3875c2aae756c20cce976d792178f12096d4c0e"
url = "https://github.com/persiyanov/herdr-reviewr/releases/download/v0.39.0/herdr-reviewr-aarch64-apple-darwin.tar.gz"
url_api = "https://api.github.com/repos/persiyanov/herdr-reviewr/releases/assets/583688555"
provenance = "github-attestations"

[[tools."github:plannotator/herdr-annotate"]]
version = "0.1.0"
backend = "github:plannotator/herdr-annotate"

[tools."github:plannotator/herdr-annotate".options]
asset_pattern = "herdr-annotate-aarch64-apple-darwin"
version_prefix = "rust-lite-v"

[tools."github:plannotator/herdr-annotate"."platforms.macos-arm64"]
checksum = "sha256:2234392a1cedf4b0b0561b4ca54da75aa5139df296dbd4e59371cf7fa201fab7"
url = "https://github.com/plannotator/herdr-annotate/releases/download/rust-lite-v0.1.0/herdr-annotate-aarch64-apple-darwin"
url_api = "https://api.github.com/repos/plannotator/herdr-annotate/releases/assets/554303156"

[[tools."github:plannotator/plannotator-tui"]]
version = "0.9.4"
backend = "github:plannotator/plannotator-tui"

[tools."github:plannotator/plannotator-tui".options]
asset_pattern = "plannotator-tui-aarch64-apple-darwin"

[tools."github:plannotator/plannotator-tui"."platforms.macos-arm64"]
checksum = "sha256:a9da49dd6a44d3494fed0e8366ca32996ecdf40e0271fced410cec3c8839175d"
url = "https://github.com/plannotator/plannotator-tui/releases/download/v0.9.4/plannotator-tui-aarch64-apple-darwin"
url_api = "https://api.github.com/repos/plannotator/plannotator-tui/releases/assets/587174935"

[[tools."github:rtk-ai/rtk"]]
version = "0.47.0"
backend = "github:rtk-ai/rtk"

[tools."github:rtk-ai/rtk"."platforms.macos-arm64"]
checksum = "sha256:3617f9a95d536e0b6bb9e2c6d121d81c3d8fd8ef04c5b2a605f5e7b0309a47d2"
url = "https://github.com/rtk-ai/rtk/releases/download/v0.47.0/rtk-aarch64-apple-darwin.tar.gz"
url_api = "https://api.github.com/repos/rtk-ai/rtk/releases/assets/540806263"

[[tools."github:sigoden/projclean"]]
version = "0.9.0"
backend = "github:sigoden/projclean"

[tools."github:sigoden/projclean"."platforms.macos-arm64"]
checksum = "sha256:d21d939d8a82a0f955fb3502dfd7233c077740b9247eab7b3fb4a21c999465ef"
url = "https://github.com/sigoden/projclean/releases/download/v0.9.0/projclean-v0.9.0-aarch64-apple-darwin.tar.gz"
url_api = "https://api.github.com/repos/sigoden/projclean/releases/assets/414034562"

[[tools."github:vercel-labs/agent-browser"]]
version = "0.36.0"
backend = "github:vercel-labs/agent-browser"

[tools."github:vercel-labs/agent-browser"."platforms.macos-arm64"]
checksum = "sha256:b2106ab39db0838e7b1772f7f26f760518de56d09053150c56f9dddf15af997d"
url = "https://github.com/vercel-labs/agent-browser/releases/download/v0.36.0/agent-browser-darwin-arm64"
url_api = "https://api.github.com/repos/vercel-labs/agent-browser/releases/assets/538978835"

[[tools."github:x-motemen/ghq"]]
version = "1.10.1"
backend = "github:x-motemen/ghq"

[tools."github:x-motemen/ghq"."platforms.macos-arm64"]
checksum = "sha256:5e3100de0c5a248eebe6ab176ad94d6e12386af70a58c535368a4301861b1398"
url = "https://github.com/x-motemen/ghq/releases/download/v1.10.1/ghq_darwin_arm64.zip"
url_api = "https://api.github.com/repos/x-motemen/ghq/releases/assets/394135804"

[[tools.go]]
version = "1.27.1"
backend = "core:go"

[tools.go."platforms.macos-arm64"]
checksum = "sha256:ee215d57e0ec269c60cc9ceca68e6bda321ba9ee5afe24f4b0988703c2d87d12"
url = "https://dl.google.com/go/go1.27.1.darwin-arm64.tar.gz"

[[tools."go:golang.org/x/vuln/cmd/govulncheck"]]
version = "1.8.0"
backend = "go:golang.org/x/vuln/cmd/govulncheck"

[[tools.node]]
version = "26.10.0"
backend = "core:node"

[tools.node."platforms.macos-arm64"]
checksum = "sha256:751fdf7439f115d87ee2a8f3f18c065b6151852068e3e666ac60ac2996f75ac9"
url = "https://nodejs.org/dist/v26.10.0/node-v26.10.0-darwin-arm64.tar.gz"

[[tools."npm:@eraserlabs/diagrams-cli"]]
version = "0.2.0"
backend = "npm:@eraserlabs/diagrams-cli"

[[tools."npm:@nozomioai/nia"]]
version = "0.5.2"
backend = "npm:@nozomioai/nia"

[[tools."npm:@openai/codex"]]
version = "0.159.2"
backend = "npm:@openai/codex"

[[tools."npm:@opencode/cli"]]
version = "2.0.20"
backend = "npm:@opencode/cli"

[tools."npm:@opencode/cli".options]
npm_args = "--ignore-scripts=false"

[[tools."npm:firecrawl-cli"]]
version = "1.24.3"
backend = "npm:firecrawl-cli"

[[tools."npm:markit-ai"]]
version = "0.6.1"
backend = "npm:markit-ai"

[[tools."npm:sfw"]]
version = "2.0.6"
backend = "npm:sfw"

[[tools."npm:wrangler"]]
version = "4.136.2"
backend = "npm:wrangler"

[[tools."pipx:huggingface_hub"]]
version = "1.32.0"
backend = "pipx:huggingface_hub"

[[tools."pipx:parallel-web-tools"]]
version = "0.9.3"
backend = "pipx:parallel-web-tools"

[tools."pipx:parallel-web-tools".options]
extras = "cli"

[[tools.pnpm]]
version = "12.5.1"
backend = "aqua:pnpm/pnpm"

[tools.pnpm."platforms.macos-arm64"]
checksum = "sha256:776b26182ea825d5846dc236d29773cf4b7568b7f0abe145c328a342284c8b75"
url = "https://github.com/pnpm/pnpm/releases/download/v12.5.1/pnpm-darwin-arm64.tar.gz"
url_api = "https://api.github.com/repos/pnpm/pnpm/releases/assets/573486213"
provenance = "github-attestations"

[[tools.python]]
version = "3.14.7"
backend = "core:python"

[tools.python."platforms.macos-arm64"]
checksum = "sha256:44b4716f4e63bc85e1c07ea2aca730d13a0ec3557d06526d84a13b1d111cf4f9"
url = "https://github.com/astral-sh/python-build-standalone/releases/download/20260929/cpython-3.14.7+20260929-aarch64-apple-darwin-install_only_stripped.tar.gz"
provenance = "github-attestations"

[[tools.rust]]
version = "1.98.1"
backend = "core:rust"
